# THIS IS AN AUTOGENERATED FILE. DO NOT EDIT THIS FILE DIRECTLY.
# yarn lockfile v1


"@tsconfig/node14@^1.0.0":
  version "1.0.0"
  resolved "https://registry.yarnpkg.com/@tsconfig/node14/-/node14-1.0.0.tgz#5bd046e508b1ee90bc091766758838741fdefd6e"
  integrity sha512-RKkL8eTdPv6t5EHgFKIVQgsDapugbuOptNd9OOunN/HAkzmmTnZELx1kNCK0rSdUYGmiFMM3rRQMAWiyp023LQ==

"@types/node@^14.14.21":
  version "14.14.21"
  resolved "https://registry.yarnpkg.com/@types/node/-/node-14.14.21.tgz#d934aacc22424fe9622ebf6857370c052eae464e"
  integrity sha512-cHYfKsnwllYhjOzuC5q1VpguABBeecUp24yFluHpn/BQaVxB1CuQ1FSRZCzrPxrkIfWISXV2LbeoBthLWg0+0A==

common-tags@^1.8.0:
  version "1.8.0"
  resolved "https://registry.yarnpkg.com/common-tags/-/common-tags-1.8.0.tgz#8e3153e542d4a39e9b10554434afaaf98956a937"
  integrity sha512-6P6g0uetGpW/sdyUy/iQQCbFF0kWVMSIVSyYz7Zgjcgh8mgw8PQzDNZeyZ5DQ2gM7LBoZPHmnjz8rUthkBG5tw==

discord.js-commando@discordjs/Commando:
  version "0.12.0-dev"
  resolved "https://codeload.github.com/discordjs/Commando/tar.gz/6d221111a77336f1e8806f446c7032113cb88601"
  dependencies:
    common-tags "^1.8.0"
    emoji-regex "^9.2.0"
    require-all "^3.0.0"

emoji-regex@^9.2.0:
  version "9.2.0"
  resolved "https://registry.yarnpkg.com/emoji-regex/-/emoji-regex-9.2.0.tgz#a26da8e832b16a9753309f25e35e3c0efb9a066a"
  integrity sha512-DNc3KFPK18bPdElMJnf/Pkv5TXhxFU3YFDEuGLDRtPmV4rkmCjBkCSEp22u6rBHdSN9Vlp/GK7k98prmE1Jgug==

require-all@^3.0.0:
  version "3.0.0"
  resolved "https://registry.yarnpkg.com/require-all/-/require-all-3.0.0.tgz#473d49704be310115ce124f77383b1ebd8671312"
  integrity sha1-Rz1JcEvjEBFc4ST3c4Ox69hnExI=
